// !$*UTF8*$!
{
	archiveVersion = 1;
	classes = {
	};
	objectVersion = 46;
	objects = {

/* Begin PBXBuildFile section */
		175429921FD1D3540004CC8C /* AppDelegate.swift in Sources */ = {isa = PBXBuildFile; fileRef = 175429911FD1D3540004CC8C /* AppDelegate.swift */; };
		175429941FD1D3540004CC8C /* ViewController.swift in Sources */ = {isa = PBXBuildFile; fileRef = 175429931FD1D3540004CC8C /* ViewController.swift */; };
		175429971FD1D3540004CC8C /* Main.storyboard in Resources */ = {isa = PBXBuildFile; fileRef = 175429951FD1D3540004CC8C /* Main.storyboard */; };
		175429991FD1D3540004CC8C /* Assets.xcassets in Resources */ = {isa = PBXBuildFile; fileRef = 175429981FD1D3540004CC8C /* Assets.xcassets */; };
		1754299C1FD1D3540004CC8C /* LaunchScreen.storyboard in Resources */ = {isa = PBXBuildFile; fileRef = 1754299A1FD1D3540004CC8C /* LaunchScreen.storyboard */; };
		175429A41FD1D3670004CC8C /* SpotlightManager.swift in Sources */ = {isa = PBXBuildFile; fileRef = 175429A31FD1D3670004CC8C /* SpotlightManager.swift */; };
/* End PBXBuildFile section */

/* Begin PBXFileReference section */
		1754298E1FD1D3540004CC8C /* SpotlightApp.app */ = {isa = PBXFileReference; explicitFileType = wrapper.application; includeInIndex = 0; path = SpotlightApp.app; sourceTree = BUILT_PRODUCTS_DIR; };
		175429911FD1D3540004CC8C /* AppDelegate.swift */ = {isa = PBXFileReference; lastKnownFileType = sourcecode.swift; path = AppDelegate.swift; sourceTree = "<group>"; };
		175429931FD1D3540004CC8C /* ViewController.swift */ = {isa = PBXFileReference; lastKnownFileType = sourcecode.swift; path = ViewController.swift; sourceTree = "<group>"; };
		175429961FD1D3540004CC8C /* Base */ = {isa = PBXFileReference; lastKnownFileType = file.storyboard; name = Base; path = Base.lproj/Main.storyboard; sourceTree = "<group>"; };
		175429981FD1D3540004CC8C /* Assets.xcassets */ = {isa = PBXFileReference; lastKnownFileType = folder.assetcatalog; path = Assets.xcassets; sourceTree = "<group>"; };
		1754299B1FD1D3540004CC8C /* Base */ = {isa = PBXFileReference; lastKnownFileType = file.storyboard; name = Base; path = Base.lproj/LaunchScreen.storyboard; sourceTree = "<group>"; };
		1754299D1FD1D3540004CC8C /* Info.plist */ = {isa = PBXFileReference; lastKnownFileType = text.plist.xml; path = Info.plist; sourceTree = "<group>"; };
		175429A31FD1D3670004CC8C /* SpotlightManager.swift */ = {isa = PBXFileReference; fileEncoding = 4; lastKnownFileType = sourcecode.swift; path = SpotlightManager.swift; sourceTree = "<group>"; };
/* End PBXFileReference section */

/* Begin PBXFrameworksBuildPhase section */
		1754298B1FD1D3530004CC8C /* Frameworks */ = {
			isa = PBXFrameworksBuildPhase;
			buildActionMask = 2147483647;
			files = (
			);
			runOnlyForDeploymentPostprocessing = 0;
		};
/* End PBXFrameworksBuildPhase section */

/* Begin PBXGroup section */
		175429851FD1D3530004CC8C = {
			isa = PBXGroup;
			children = (
				175429901FD1D3540004CC8C /* SpotlightApp */,
				1754298F1FD1D3540004CC8C /* Products */,
			);
			sourceTree = "<group>";
		};
		1754298F1FD1D3540004CC8C /* Products */ = {
			isa = PBXGroup;
			children = (
				1754298E1FD1D3540004CC8C /* SpotlightApp.app */,
			);
			name = Products;
			sourceTree = "<group>";
		};
		175429901FD1D3540004CC8C /* SpotlightApp */ = {
			isa = PBXGroup;
			children = (
				175429911FD1D3540004CC8C /* AppDelegate.swift */,
				175429931FD1D3540004CC8C /* ViewController.swift */,
				175429951FD1D3540004CC8C /* Main.storyboard */,
				175429981FD1D3540004CC8C /* Assets.xcassets */,
				1754299A1FD1D3540004CC8C /* LaunchScreen.storyboard */,
				1754299D1FD1D3540004CC8C /* Info.plist */,
				175429A31FD1D3670004CC8C /* SpotlightManager.swift */,
			);
			path = SpotlightApp;
			sourceTree = "<group>";
		};
/* End PBXGroup section */

/* Begin PBXNativeTarget section */
		1754298D1FD1D3530004CC8C /* SpotlightApp */ = {
			isa = PBXNativeTarget;
			buildConfigurationList = 175429A01FD1D3540004CC8C /* Build configuration list for PBXNativeTarget "SpotlightApp" */;
			buildPhases = (
				1754298A1FD1D3530004CC8C /* Sources */,
				1754298B1FD1D3530004CC8C /* Frameworks */,
				1754298C1FD1D3530004CC8C /* Resources */,
			);
			buildRules = (
			);
			dependencies = (
			);
			name = SpotlightApp;
			productName = SpotlightApp;
			productReference = 1754298E1FD1D3540004CC8C /* SpotlightApp.app */;
			productType = "com.apple.product-type.application";
		};
/* End PBXNativeTarget section */

/* Begin PBXProject section */
		175429861FD1D3530004CC8C /* Project object */ = {
			isa = PBXProject;
			attributes = {
				LastSwiftUpdateCheck = 0830;
				LastUpgradeCheck = 0830;
				ORGANIZATIONNAME = omerfarukozturk;
				TargetAttributes = {
					1754298D1FD1D3530004CC8C = {
						CreatedOnToolsVersion = 8.3.1;
						DevelopmentTeam = 9PU6D47W39;
						ProvisioningStyle = Automatic;
					};
				};
			};
			buildConfigurationList = 175429891FD1D3530004CC8C /* Build configuration list for PBXProject "SpotlightApp" */;
			compatibilityVersion = "Xcode 3.2";
			developmentRegion = English;
			hasScannedForEncodings = 0;
			knownRegions = (
				English,
				en,
				Base,
			);
			mainGroup = 175429851FD1D3530004CC8C;
			productRefGroup = 1754298F1FD1D3540004CC8C /* Products */;
			projectDirPath = "";
			projectRoot = "";
			targets = (
				1754298D1FD1D3530004CC8C /* SpotlightApp */,
			);
		};
/* End PBXProject section */

/* Begin PBXResourcesBuildPhase section */
		1754298C1FD1D3530004CC8C /* Resources */ = {
			isa = PBXResourcesBuildPhase;
			buildActionMask = 2147483647;
			files = (
				1754299C1FD1D3540004CC8C /* LaunchScreen.storyboard in Resources */,
				175429991FD1D3540004CC8C /* Assets.xcassets in Resources */,
				175429971FD1D3540004CC8C /* Main.storyboard in Resources */,
			);
			runOnlyForDeploymentPostprocessing = 0;
		};
/* End PBXResourcesBuildPhase section */

/* Begin PBXSourcesBuildPhase section */
		1754298A1FD1D3530004CC8C /* Sources */ = {
			isa = PBXSourcesBuildPhase;
			buildActionMask = 2147483647;
			files = (
				175429A41FD1D3670004CC8C /* SpotlightManager.swift in Sources */,
				175429941FD1D3540004CC8C /* ViewController.swift in Sources */,
				175429921FD1D3540004CC8C /* AppDelegate.swift in Sources */,
			);
			runOnlyForDeploymentPostprocessing = 0;
		};
/* End PBXSourcesBuildPhase section */

/* Begin PBXVariantGroup section */
		175429951FD1D3540004CC8C /* Main.storyboard */ = {
			isa = PBXVariantGroup;
			children = (
				175429961FD1D3540004CC8C /* Base */,
			);
			name = Main.storyboard;
			sourceTree = "<group>";
		};
		1754299A1FD1D3540004CC8C /* LaunchScreen.storyboard */ = {
			isa = PBXVariantGroup;
			children = (
				1754299B1FD1D3540004CC8C /* Base */,
			);
			name = LaunchScreen.storyboard;
			sourceTree = "<group>";
		};
/* End PBXVariantGroup section */

/* Begin XCBuildConfiguration section */
		1754299E1FD1D3540004CC8C /* Debug */ = {
			isa = XCBuildConfiguration;
			buildSettings = {
				ALWAYS_SEARCH_USER_PATHS = NO;
				CLANG_ANALYZER_NONNULL = YES;
				CLANG_ANALYZER_NUMBER_OBJECT_CONVERSION = YES_AGGRESSIVE;
				CLANG_CXX_LANGUAGE_STANDARD = "gnu++0x";
				CLANG_CXX_LIBRARY = "libc++";
				CLANG_ENABLE_MODULES = YES;
				CLANG_ENABLE_OBJC_ARC = YES;
				CLANG_WARN_BOOL_CONVERSION = YES;
				CLANG_WARN_CONSTANT_CONVERSION = YES;
				CLANG_WARN_DIRECT_OBJC_ISA_USAGE = YES_ERROR;
				CLANG_WARN_DOCUMENTATION_COMMENTS = YES;
				CLANG_WARN_EMPTY_BODY = YES;
				CLANG_WARN_ENUM_CONVERSION = YES;
				CLANG_WARN_INFINITE_RECURSION = YES;
				CLANG_WARN_INT_CONVERSION = YES;
				CLANG_WARN_OBJC_ROOT_CLASS = YES_ERROR;
				CLANG_WARN_SUSPICIOUS_MOVE = YES;
				CLANG_WARN_UNREACHABLE_CODE = YES;
				CLANG_WARN__DUPLICATE_METHOD_MATCH = YES;
				"CODE_SIGN_IDENTITY[sdk=iphoneos*]" = "iPhone Developer";
				COPY_PHASE_STRIP = NO;
				DEBUG_INFORMATION_FORMAT = dwarf;
				ENABLE_STRICT_OBJC_MSGSEND = YES;
				ENABLE_TESTABILITY = YES;
				GCC_C_LANGUAGE_STANDARD = gnu99;
				GCC_DYNAMIC_NO_PIC = NO;
				GCC_NO_COMMON_BLOCKS = YES;
				GCC_OPTIMIZATION_LEVEL = 0;
				GCC_PREPROCESSOR_DEFINITIONS = (
					"DEBUG=1",
					"$(inherited)",
				);
				GCC_WARN_64_TO_32_BIT_CONVERSION = YES;
				GCC_WARN_ABOUT_RETURN_TYPE = YES_ERROR;
				GCC_WARN_UNDECLARED_SELECTOR = YES;
				GCC_WARN_UNINITIALIZED_AUTOS = YES_AGGRESSIVE;
				GCC_WARN_UNUSED_FUNCTION = YES;
				GCC_WARN_UNUSED_VARIABLE = YES;
				IPHONEOS_DEPLOYMENT_TARGET = 10.3;
				MTL_ENABLE_DEBUG_INFO = YES;
				ONLY_ACTIVE_ARCH = YES;
				SDKROOT = iphoneos;
				SWIFT_ACTIVE_COMPILATION_CONDITIONS = DEBUG;
				SWIFT_OPTIMIZATION_LEVEL = "-Onone";
			};
			name = Debug;
		};
		1754299F1FD1D3540004CC8C /* Release */ = {
			isa = XCBuildConfiguration;
			buildSettings = {
				ALWAYS_SEARCH_USER_PATHS = NO;
				CLANG_ANALYZER_NONNULL = YES;
				CLANG_ANALYZER_NUMBER_OBJECT_CONVERSION = YES_AGGRESSIVE;
				CLANG_CXX_LANGUAGE_STANDARD = "gnu++0x";
				CLANG_CXX_LIBRARY = "libc++";
				CLANG_ENABLE_MODULES = YES;
				CLANG_ENABLE_OBJC_ARC = YES;
				CLANG_WARN_BOOL_CONVERSION = YES;
				CLANG_WARN_CONSTANT_CONVERSION = YES;
				CLANG_WARN_DIRECT_OBJC_ISA_USAGE = YES_ERROR;
				CLANG_WARN_DOCUMENTATION_COMMENTS = YES;
				CLANG_WARN_EMPTY_BODY = YES;
				CLANG_WARN_ENUM_CONVERSION = YES;
				CLANG_WARN_INFINITE_RECURSION = YES;
				CLANG_WARN_INT_CONVERSION = YES;
				CLANG_WARN_OBJC_ROOT_CLASS = YES_ERROR;
				CLANG_WARN_SUSPICIOUS_MOVE = YES;
				CLANG_WARN_UNREACHABLE_CODE = YES;
				CLANG_WARN__DUPLICATE_METHOD_MATCH = YES;
				"CODE_SIGN_IDENTITY[sdk=iphoneos*]" = "iPhone Developer";
				COPY_PHASE_STRIP = NO;
				DEBUG_INFORMATION_FORMAT = "dwarf-with-dsym";
				ENABLE_NS_ASSERTIONS = NO;
				ENABLE_STRICT_OBJC_MSGSEND = YES;
				GCC_C_LANGUAGE_STANDARD = gnu99;
				GCC_NO_COMMON_BLOCKS = YES;
				GCC_WARN_64_TO_32_BIT_CONVERSION = YES;
				GCC_WARN_ABOUT_RETURN_TYPE = YES_ERROR;
				GCC_WARN_UNDECLARED_SELECTOR = YES;
				GCC_WARN_UNINITIALIZED_AUTOS = YES_AGGRESSIVE;
				GCC_WARN_UNUSED_FUNCTION = YES;
				GCC_WARN_UNUSED_VARIABLE = YES;
				IPHONEOS_DEPLOYMENT_TARGET = 10.3;
				MTL_ENABLE_DEBUG_INFO = NO;
				SDKROOT = iphoneos;
				SWIFT_OPTIMIZATION_LEVEL = "-Owholemodule";
				VALIDATE_PRODUCT = YES;
			};
			name = Release;
		};
		175429A11FD1D3540004CC8C /* Debug */ = {
			isa = XCBuildConfiguration;
			buildSettings = {
				ASSETCATALOG_COMPILER_APPICON_NAME = AppIcon;
				DEVELOPMENT_TEAM = 9PU6D47W39;
				INFOPLIST_FILE = SpotlightApp/Info.plist;
				LD_RUNPATH_SEARCH_PATHS = "$(inherited) @executable_path/Frameworks";
				PRODUCT_BUNDLE_IDENTIFIER = com.spotlight.SpotlightApp;
				PRODUCT_NAME = "$(TARGET_NAME)";
				SWIFT_VERSION = 5.0;
			};
			name = Debug;
		};
		175429A21FD1D3540004CC8C /* Release */ = {
			isa = XCBuildConfiguration;
			buildSettings = {
				ASSETCATALOG_COMPILER_APPICON_NAME = AppIcon;
				DEVELOPMENT_TEAM = 9PU6D47W39;
				INFOPLIST_FILE = SpotlightApp/Info.plist;
				LD_RUNPATH_SEARCH_PATHS = "$(inherited) @executable_path/Frameworks";
				PRODUCT_BUNDLE_IDENTIFIER = com.spotlight.SpotlightApp;
				PRODUCT_NAME = "$(TARGET_NAME)";
				SWIFT_VERSION = 5.0;
			};
			name = Release;
		};
/* End XCBuildConfiguration section */

/* Begin XCConfigurationList section */
		175429891FD1D3530004CC8C /* Build configuration list for PBXProject "SpotlightApp" */ = {
			isa = XCConfigurationList;
			buildConfigurations = (
				1754299E1FD1D3540004CC8C /* Debug */,
				1754299F1FD1D3540004CC8C /* Release */,
			);
			defaultConfigurationIsVisible = 0;
			defaultConfigurationName = Release;
		};
		175429A01FD1D3540004CC8C /* Build configuration list for PBXNativeTarget "SpotlightApp" */ = {
			isa = XCConfigurationList;
			buildConfigurations = (
				175429A11FD1D3540004CC8C /* Debug */,
				175429A21FD1D3540004CC8C /* Release */,
			);
			defaultConfigurationIsVisible = 0;
			defaultConfigurationName = Release;
		};
/* End XCConfigurationList section */
	};
	rootObject = 175429861FD1D3530004CC8C /* Project object */;
}
